
Microsoft Visual Studio Solution File, Format Version 12.00
# Visual Studio Version 17
VisualStudioVersion = 17.7.34018.315
MinimumVisualStudioVersion = 10.0.40219.1
Project("{FAE04EC0-301F-11D3-BF4B-00C04F79EFBC}") = "Branches-Restaurant", "Branches-Restaurant\Branches-Restaurant.csproj", "{F72EDAD7-FBB4-4807-82D8-A2B7FB294E9C}"
EndProject
Global
	GlobalSection(SolutionConfigurationPlatforms) = preSolution
		Debug|Any CPU = Debug|Any CPU
		Release|Any CPU = Release|Any CPU
	EndGlobalSection
	GlobalSection(ProjectConfigurationPlatforms) = postSolution
		{F72EDAD7-FBB4-4807-82D8-A2B7FB294E9C}.Debug|Any CPU.ActiveCfg = Debug|Any CPU
		{F72EDAD7-FBB4-4807-82D8-A2B7FB294E9C}.Debug|Any CPU.Build.0 = Debug|Any CPU
		{F72EDAD7-FBB4-4807-82D8-A2B7FB294E9C}.Release|Any CPU.ActiveCfg = Release|Any CPU
		{F72EDAD7-FBB4-4807-82D8-A2B7FB294E9C}.Release|Any CPU.Build.0 = Release|Any CPU
	EndGlobalSection
	GlobalSection(SolutionProperties) = preSolution
		HideSolutionNode = FALSE
	EndGlobalSection
	GlobalSection(ExtensibilityGlobals) = postSolution
		SolutionGuid = {86E580BF-0F34-49DA-91DA-749EDAF4501C}
	EndGlobalSection
EndGlobal
